Microsoft Visual Studio Solution File, Format Version 12.00
# Visual Studio Version 18
VisualStudioVersion = 18.1.11304.174 d18.0
MinimumVisualStudioVersion = 10.0.40219.1
Project("{FAE04EC0-301F-11D3-BF4B-00C04F79EFBC}") = "ImmichAlbumSync", "AlbumSync\ImmichAlbumSync.csproj", "{14064360-F29A-CAE4-337E-245F1B50564C}"
EndProject
Global
	GlobalSection(SolutionConfigurationPlatforms) = preSolution
		Debug|Any CPU = Debug|Any CPU
		Release|Any CPU = Release|Any CPU
	EndGlobalSection
	GlobalSection(ProjectConfigurationPlatforms) = postSolution
		{14064360-F29A-CAE4-337E-245F1B50564C}.Debug|Any CPU.ActiveCfg = Debug|Any CPU
		{14064360-F29A-CAE4-337E-245F1B50564C}.Debug|Any CPU.Build.0 = Debug|Any CPU
		{14064360-F29A-CAE4-337E-245F1B50564C}.Release|Any CPU.ActiveCfg = Release|Any CPU
		{14064360-F29A-CAE4-337E-245F1B50564C}.Release|Any CPU.Build.0 = Release|Any CPU
	EndGlobalSection
	GlobalSection(SolutionProperties) = preSolution
		HideSolutionNode = FALSE
	EndGlobalSection
	GlobalSection(ExtensibilityGlobals) = postSolution
		SolutionGuid = {E43445D3-9D63-4CC8-9BEF-D106479A64B3}
	EndGlobalSection
EndGlobal
